
Microsoft Visual Studio Solution File, Format Version 12.00
# Visual Studio Version 16
VisualStudioVersion = 16.0.29230.47
MinimumVisualStudioVersion = 10.0.40219.1
Project("{FAE04EC0-301F-11D3-BF4B-00C04F79EFBC}") = "Developer bank", "Developer bank.csproj", "{CC92FE78-FBF4-4004-AECB-9B0E393458C3}"
EndProject
Global
	GlobalSection(SolutionConfigurationPlatforms) = preSolution
		Debug|Any CPU = Debug|Any CPU
		Release|Any CPU = Release|Any CPU
	EndGlobalSection
	GlobalSection(ProjectConfigurationPlatforms) = postSolution
		{CC92FE78-FBF4-4004-AECB-9B0E393458C3}.Debug|Any CPU.ActiveCfg = Debug|Any CPU
		{CC92FE78-FBF4-4004-AECB-9B0E393458C3}.Debug|Any CPU.Build.0 = Debug|Any CPU
		{CC92FE78-FBF4-4004-AECB-9B0E393458C3}.Release|Any CPU.ActiveCfg = Release|Any CPU
		{CC92FE78-FBF4-4004-AECB-9B0E393458C3}.Release|Any CPU.Build.0 = Release|Any CPU
	EndGlobalSection
	GlobalSection(SolutionProperties) = preSolution
		HideSolutionNode = FALSE
	EndGlobalSection
	GlobalSection(ExtensibilityGlobals) = postSolution
		SolutionGuid = {4113F59D-859A-4435-91E1-9F38DF4F04F4}
	EndGlobalSection
EndGlobal
